
Microsoft Visual Studio Solution File, Format Version 12.00
# Visual Studio Version 16
VisualStudioVersion = 16.0.30804.86
MinimumVisualStudioVersion = 10.0.40219.1
Project("{9A19103F-16F7-4668-BE54-9A1E7A4F7556}") = "DesktopClock", "DesktopClock\DesktopClock.csproj", "{E3CA082C-4C4D-45AE-B556-7C190B45C11D}"
EndProject
Project("{9A19103F-16F7-4668-BE54-9A1E7A4F7556}") = "DesktopClockLibrary", "DesktopClockLibrary\DesktopClockLibrary.csproj", "{B01BB436-8F7F-49F8-853C-5AADCD9A386C}"
EndProject
Project("{FAE04EC0-301F-11D3-BF4B-00C04F79EFBC}") = "DesktopClockTests", "DesktopClockTests\DesktopClockTests.csproj", "{8B86370A-9575-4DF9-B581-57084F7A99DA}"
EndProject
Project("{FAE04EC0-301F-11D3-BF4B-00C04F79EFBC}") = "DesktopClockTests_xUnit", "DesktopClockTests_xUnit\DesktopClockTests_xUnit.csproj", "{03092D29-DC18-4A9B-99A5-6D0730F4EFD3}"
EndProject
Global
	GlobalSection(SolutionConfigurationPlatforms) = preSolution
		Debug|Any CPU = Debug|Any CPU
		Release|Any CPU = Release|Any CPU
	EndGlobalSection
	GlobalSection(ProjectConfigurationPlatforms) = postSolution
		{E3CA082C-4C4D-45AE-B556-7C190B45C11D}.Debug|Any CPU.ActiveCfg = Debug|Any CPU
		{E3CA082C-4C4D-45AE-B556-7C190B45C11D}.Debug|Any CPU.Build.0 = Debug|Any CPU
		{E3CA082C-4C4D-45AE-B556-7C190B45C11D}.Release|Any CPU.ActiveCfg = Release|Any CPU
		{E3CA082C-4C4D-45AE-B556-7C190B45C11D}.Release|Any CPU.Build.0 = Release|Any CPU
		{B01BB436-8F7F-49F8-853C-5AADCD9A386C}.Debug|Any CPU.ActiveCfg = Debug|Any CPU
		{B01BB436-8F7F-49F8-853C-5AADCD9A386C}.Debug|Any CPU.Build.0 = Debug|Any CPU
		{B01BB436-8F7F-49F8-853C-5AADCD9A386C}.Release|Any CPU.ActiveCfg = Release|Any CPU
		{B01BB436-8F7F-49F8-853C-5AADCD9A386C}.Release|Any CPU.Build.0 = Release|Any CPU
		{8B86370A-9575-4DF9-B581-57084F7A99DA}.Debug|Any CPU.ActiveCfg = Debug|Any CPU
		{8B86370A-9575-4DF9-B581-57084F7A99DA}.Debug|Any CPU.Build.0 = Debug|Any CPU
		{8B86370A-9575-4DF9-B581-57084F7A99DA}.Release|Any CPU.ActiveCfg = Release|Any CPU
		{8B86370A-9575-4DF9-B581-57084F7A99DA}.Release|Any CPU.Build.0 = Release|Any CPU
		{03092D29-DC18-4A9B-99A5-6D0730F4EFD3}.Debug|Any CPU.ActiveCfg = Debug|Any CPU
		{03092D29-DC18-4A9B-99A5-6D0730F4EFD3}.Debug|Any CPU.Build.0 = Debug|Any CPU
		{03092D29-DC18-4A9B-99A5-6D0730F4EFD3}.Release|Any CPU.ActiveCfg = Release|Any CPU
		{03092D29-DC18-4A9B-99A5-6D0730F4EFD3}.Release|Any CPU.Build.0 = Release|Any CPU
	EndGlobalSection
	GlobalSection(SolutionProperties) = preSolution
		HideSolutionNode = FALSE
	EndGlobalSection
	GlobalSection(ExtensibilityGlobals) = postSolution
		SolutionGuid = {ABC09598-9F1F-4378-B0A7-F963C52A0DBA}
	EndGlobalSection
EndGlobal
