
Microsoft Visual Studio Solution File, Format Version 12.00
# Visual Studio Version 16
VisualStudioVersion = 16.0.30804.86
MinimumVisualStudioVersion = 10.0.40219.1
Project("{9A19103F-16F7-4668-BE54-9A1E7A4F7556}") = "DesktopClock", "DesktopClock\DesktopClock.csproj", "{E3CA082C-4C4D-45AE-B556-7C190B45C11D}"
EndProject
Project("{9A19103F-16F7-4668-BE54-9A1E7A4F7556}") = "DesktopClockTests", "DesktopClockTests\DesktopClockTests.csproj", "{350BEE4F-688D-4CB2-A0AA-519E9F12A4B2}"
EndProject
Project("{9A19103F-16F7-4668-BE54-9A1E7A4F7556}") = "DesktopClockLibrary", "DesktopClockLibrary\DesktopClockLibrary.csproj", "{B01BB436-8F7F-49F8-853C-5AADCD9A386C}"
EndProject
Project("{2150E333-8FDC-42A3-9474-1A3956D46DE8}") = "Solution Items", "Solution Items", "{AE23F9CE-9F7E-48A1-B01D-964B6831CCA9}"
EndProject
Global
	GlobalSection(SolutionConfigurationPlatforms) = preSolution
		Debug|Any CPU = Debug|Any CPU
		Release|Any CPU = Release|Any CPU
	EndGlobalSection
	GlobalSection(ProjectConfigurationPlatforms) = postSolution
		{E3CA082C-4C4D-45AE-B556-7C190B45C11D}.Debug|Any CPU.ActiveCfg = Debug|Any CPU
		{E3CA082C-4C4D-45AE-B556-7C190B45C11D}.Debug|Any CPU.Build.0 = Debug|Any CPU
		{E3CA082C-4C4D-45AE-B556-7C190B45C11D}.Release|Any CPU.ActiveCfg = Release|Any CPU
		{E3CA082C-4C4D-45AE-B556-7C190B45C11D}.Release|Any CPU.Build.0 = Release|Any CPU
		{350BEE4F-688D-4CB2-A0AA-519E9F12A4B2}.Debug|Any CPU.ActiveCfg = Debug|Any CPU
		{350BEE4F-688D-4CB2-A0AA-519E9F12A4B2}.Debug|Any CPU.Build.0 = Debug|Any CPU
		{350BEE4F-688D-4CB2-A0AA-519E9F12A4B2}.Release|Any CPU.ActiveCfg = Release|Any CPU
		{350BEE4F-688D-4CB2-A0AA-519E9F12A4B2}.Release|Any CPU.Build.0 = Release|Any CPU
		{B01BB436-8F7F-49F8-853C-5AADCD9A386C}.Debug|Any CPU.ActiveCfg = Debug|Any CPU
		{B01BB436-8F7F-49F8-853C-5AADCD9A386C}.Debug|Any CPU.Build.0 = Debug|Any CPU
		{B01BB436-8F7F-49F8-853C-5AADCD9A386C}.Release|Any CPU.ActiveCfg = Release|Any CPU
		{B01BB436-8F7F-49F8-853C-5AADCD9A386C}.Release|Any CPU.Build.0 = Release|Any CPU
	EndGlobalSection
	GlobalSection(SolutionProperties) = preSolution
		HideSolutionNode = FALSE
	EndGlobalSection
	GlobalSection(ExtensibilityGlobals) = postSolution
		SolutionGuid = {ABC09598-9F1F-4378-B0A7-F963C52A0DBA}
	EndGlobalSection
EndGlobal
